// !$*UTF8*$!
{
	archiveVersion = 1;
	classes = {
	};
	objectVersion = 50;
	objects = {

/* Begin PBXBuildFile section */
		70366A9025062466000754FA /* AppDelegate.swift in Sources */ = {isa = PBXBuildFile; fileRef = 70366A8F25062466000754FA /* AppDelegate.swift */; };
		70366A9225062466000754FA /* SceneDelegate.swift in Sources */ = {isa = PBXBuildFile; fileRef = 70366A9125062466000754FA /* SceneDelegate.swift */; };
		70366A9425062466000754FA /* ViewController.swift in Sources */ = {isa = PBXBuildFile; fileRef = 70366A9325062466000754FA /* ViewController.swift */; };
		70366A9725062466000754FA /* Main.storyboard in Resources */ = {isa = PBXBuildFile; fileRef = 70366A9525062466000754FA /* Main.storyboard */; };
		70366A992506246C000754FA /* Assets.xcassets in Resources */ = {isa = PBXBuildFile; fileRef = 70366A982506246C000754FA /* Assets.xcassets */; };
		70366A9C2506246C000754FA /* LaunchScreen.storyboard in Resources */ = {isa = PBXBuildFile; fileRef = 70366A9A2506246C000754FA /* LaunchScreen.storyboard */; };
		70366AA4250624C2000754FA /* Inceptionv3.mlmodel in Sources */ = {isa = PBXBuildFile; fileRef = 70366AA3250624C2000754FA /* Inceptionv3.mlmodel */; };
/* End PBXBuildFile section */

/* Begin PBXFileReference section */
		70366A8C25062466000754FA /* WhatFood.app */ = {isa = PBXFileReference; explicitFileType = wrapper.application; includeInIndex = 0; path = WhatFood.app; sourceTree = BUILT_PRODUCTS_DIR; };
		70366A8F25062466000754FA /* AppDelegate.swift */ = {isa = PBXFileReference; lastKnownFileType = sourcecode.swift; path = AppDelegate.swift; sourceTree = "<group>"; };
		70366A9125062466000754FA /* SceneDelegate.swift */ = {isa = PBXFileReference; lastKnownFileType = sourcecode.swift; path = SceneDelegate.swift; sourceTree = "<group>"; };
		70366A9325062466000754FA /* ViewController.swift */ = {isa = PBXFileReference; lastKnownFileType = sourcecode.swift; path = ViewController.swift; sourceTree = "<group>"; };
		70366A9625062466000754FA /* Base */ = {isa = PBXFileReference; lastKnownFileType = file.storyboard; name = Base; path = Base.lproj/Main.storyboard; sourceTree = "<group>"; };
		70366A982506246C000754FA /* Assets.xcassets */ = {isa = PBXFileReference; lastKnownFileType = folder.assetcatalog; path = Assets.xcassets; sourceTree = "<group>"; };
		70366A9B2506246C000754FA /* Base */ = {isa = PBXFileReference; lastKnownFileType = file.storyboard; name = Base; path = Base.lproj/LaunchScreen.storyboard; sourceTree = "<group>"; };
		70366A9D2506246C000754FA /* Info.plist */ = {isa = PBXFileReference; lastKnownFileType = text.plist.xml; path = Info.plist; sourceTree = "<group>"; };
		70366AA3250624C2000754FA /* Inceptionv3.mlmodel */ = {isa = PBXFileReference; lastKnownFileType = file.mlmodel; path = Inceptionv3.mlmodel; sourceTree = "<group>"; };
/* End PBXFileReference section */

/* Begin PBXFrameworksBuildPhase section */
		70366A8925062466000754FA /* Frameworks */ = {
			isa = PBXFrameworksBuildPhase;
			buildActionMask = 2147483647;
			files = (
			);
			runOnlyForDeploymentPostprocessing = 0;
		};
/* End PBXFrameworksBuildPhase section */

/* Begin PBXGroup section */
		70366A8325062466000754FA = {
			isa = PBXGroup;
			children = (
				70366A8E25062466000754FA /* hotdogClassifier */,
				70366A8D25062466000754FA /* Products */,
			);
			sourceTree = "<group>";
		};
		70366A8D25062466000754FA /* Products */ = {
			isa = PBXGroup;
			children = (
				70366A8C25062466000754FA /* WhatFood.app */,
			);
			name = Products;
			sourceTree = "<group>";
		};
		70366A8E25062466000754FA /* hotdogClassifier */ = {
			isa = PBXGroup;
			children = (
				70366A8F25062466000754FA /* AppDelegate.swift */,
				70366A9125062466000754FA /* SceneDelegate.swift */,
				70366A9325062466000754FA /* ViewController.swift */,
				70366A9525062466000754FA /* Main.storyboard */,
				70366A982506246C000754FA /* Assets.xcassets */,
				70366A9A2506246C000754FA /* LaunchScreen.storyboard */,
				70366A9D2506246C000754FA /* Info.plist */,
				70366AA3250624C2000754FA /* Inceptionv3.mlmodel */,
			);
			path = hotdogClassifier;
			sourceTree = "<group>";
		};
/* End PBXGroup section */

/* Begin PBXNativeTarget section */
		70366A8B25062466000754FA /* hotdogClassifier */ = {
			isa = PBXNativeTarget;
			buildConfigurationList = 70366AA02506246C000754FA /* Build configuration list for PBXNativeTarget "hotdogClassifier" */;
			buildPhases = (
				70366A8825062466000754FA /* Sources */,
				70366A8925062466000754FA /* Frameworks */,
				70366A8A25062466000754FA /* Resources */,
			);
			buildRules = (
			);
			dependencies = (
			);
			name = hotdogClassifier;
			productName = hotdogClassifier;
			productReference = 70366A8C25062466000754FA /* WhatFood.app */;
			productType = "com.apple.product-type.application";
		};
/* End PBXNativeTarget section */

/* Begin PBXProject section */
		70366A8425062466000754FA /* Project object */ = {
			isa = PBXProject;
			attributes = {
				LastSwiftUpdateCheck = 1150;
				LastUpgradeCheck = 1150;
				ORGANIZATIONNAME = "Swamita Gupta";
				TargetAttributes = {
					70366A8B25062466000754FA = {
						CreatedOnToolsVersion = 11.5;
					};
				};
			};
			buildConfigurationList = 70366A8725062466000754FA /* Build configuration list for PBXProject "hotdogClassifier" */;
			compatibilityVersion = "Xcode 9.3";
			developmentRegion = en;
			hasScannedForEncodings = 0;
			knownRegions = (
				en,
				Base,
			);
			mainGroup = 70366A8325062466000754FA;
			productRefGroup = 70366A8D25062466000754FA /* Products */;
			projectDirPath = "";
			projectRoot = "";
			targets = (
				70366A8B25062466000754FA /* hotdogClassifier */,
			);
		};
/* End PBXProject section */

/* Begin PBXResourcesBuildPhase section */
		70366A8A25062466000754FA /* Resources */ = {
			isa = PBXResourcesBuildPhase;
			buildActionMask = 2147483647;
			files = (
				70366A9C2506246C000754FA /* LaunchScreen.storyboard in Resources */,
				70366A992506246C000754FA /* Assets.xcassets in Resources */,
				70366A9725062466000754FA /* Main.storyboard in Resources */,
			);
			runOnlyForDeploymentPostprocessing = 0;
		};
/* End PBXResourcesBuildPhase section */

/* Begin PBXSourcesBuildPhase section */
		70366A8825062466000754FA /* Sources */ = {
			isa = PBXSourcesBuildPhase;
			buildActionMask = 2147483647;
			files = (
				70366A9425062466000754FA /* ViewController.swift in Sources */,
				70366AA4250624C2000754FA /* Inceptionv3.mlmodel in Sources */,
				70366A9025062466000754FA /* AppDelegate.swift in Sources */,
				70366A9225062466000754FA /* SceneDelegate.swift in Sources */,
			);
			runOnlyForDeploymentPostprocessing = 0;
		};
/* End PBXSourcesBuildPhase section */

/* Begin PBXVariantGroup section */
		70366A9525062466000754FA /* Main.storyboard */ = {
			isa = PBXVariantGroup;
			children = (
				70366A9625062466000754FA /* Base */,
			);
			name = Main.storyboard;
			sourceTree = "<group>";
		};
		70366A9A2506246C000754FA /* LaunchScreen.storyboard */ = {
			isa = PBXVariantGroup;
			children = (
				70366A9B2506246C000754FA /* Base */,
			);
			name = LaunchScreen.storyboard;
			sourceTree = "<group>";
		};
/* End PBXVariantGroup section */

/* Begin XCBuildConfiguration section */
		70366A9E2506246C000754FA /* Debug */ = {
			isa = XCBuildConfiguration;
			buildSettings = {
				ALWAYS_SEARCH_USER_PATHS = NO;
				CLANG_ANALYZER_NONNULL = YES;
				CLANG_ANALYZER_NUMBER_OBJECT_CONVERSION = YES_AGGRESSIVE;
				CLANG_CXX_LANGUAGE_STANDARD = "gnu++14";
				CLANG_CXX_LIBRARY = "libc++";
				CLANG_ENABLE_MODULES = YES;
				CLANG_ENABLE_OBJC_ARC = YES;
				CLANG_ENABLE_OBJC_WEAK = YES;
				CLANG_WARN_BLOCK_CAPTURE_AUTORELEASING = YES;
				CLANG_WARN_BOOL_CONVERSION = YES;
				CLANG_WARN_COMMA = YES;
				CLANG_WARN_CONSTANT_CONVERSION = YES;
				CLANG_WARN_DEPRECATED_OBJC_IMPLEMENTATIONS = YES;
				CLANG_WARN_DIRECT_OBJC_ISA_USAGE = YES_ERROR;
				CLANG_WARN_DOCUMENTATION_COMMENTS = YES;
				CLANG_WARN_EMPTY_BODY = YES;
				CLANG_WARN_ENUM_CONVERSION = YES;
				CLANG_WARN_INFINITE_RECURSION = YES;
				CLANG_WARN_INT_CONVERSION = YES;
				CLANG_WARN_NON_LITERAL_NULL_CONVERSION = YES;
				CLANG_WARN_OBJC_IMPLICIT_RETAIN_SELF = YES;
				CLANG_WARN_OBJC_LITERAL_CONVERSION = YES;
				CLANG_WARN_OBJC_ROOT_CLASS = YES_ERROR;
				CLANG_WARN_RANGE_LOOP_ANALYSIS = YES;
				CLANG_WARN_STRICT_PROTOTYPES = YES;
				CLANG_WARN_SUSPICIOUS_MOVE = YES;
				CLANG_WARN_UNGUARDED_AVAILABILITY = YES_AGGRESSIVE;
				CLANG_WARN_UNREACHABLE_CODE = YES;
				CLANG_WARN__DUPLICATE_METHOD_MATCH = YES;
				COPY_PHASE_STRIP = NO;
				DEBUG_INFORMATION_FORMAT = dwarf;
				ENABLE_STRICT_OBJC_MSGSEND = YES;
				ENABLE_TESTABILITY = YES;
				GCC_C_LANGUAGE_STANDARD = gnu11;
				GCC_DYNAMIC_NO_PIC = NO;
				GCC_NO_COMMON_BLOCKS = YES;
				GCC_OPTIMIZATION_LEVEL = 0;
				GCC_PREPROCESSOR_DEFINITIONS = (
					"DEBUG=1",
					"$(inherited)",
				);
				GCC_WARN_64_TO_32_BIT_CONVERSION = YES;
				GCC_WARN_ABOUT_RETURN_TYPE = YES_ERROR;
				GCC_WARN_UNDECLARED_SELECTOR = YES;
				GCC_WARN_UNINITIALIZED_AUTOS = YES_AGGRESSIVE;
				GCC_WARN_UNUSED_FUNCTION = YES;
				GCC_WARN_UNUSED_VARIABLE = YES;
				IPHONEOS_DEPLOYMENT_TARGET = 13.5;
				MTL_ENABLE_DEBUG_INFO = INCLUDE_SOURCE;
				MTL_FAST_MATH = YES;
				ONLY_ACTIVE_ARCH = YES;
				SDKROOT = iphoneos;
				SWIFT_ACTIVE_COMPILATION_CONDITIONS = DEBUG;
				SWIFT_OPTIMIZATION_LEVEL = "-Onone";
			};
			name = Debug;
		};
		70366A9F2506246C000754FA /* Release */ = {
			isa = XCBuildConfiguration;
			buildSettings = {
				ALWAYS_SEARCH_USER_PATHS = NO;
				CLANG_ANALYZER_NONNULL = YES;
				CLANG_ANALYZER_NUMBER_OBJECT_CONVERSION = YES_AGGRESSIVE;
				CLANG_CXX_LANGUAGE_STANDARD = "gnu++14";
				CLANG_CXX_LIBRARY = "libc++";
				CLANG_ENABLE_MODULES = YES;
				CLANG_ENABLE_OBJC_ARC = YES;
				CLANG_ENABLE_OBJC_WEAK = YES;
				CLANG_WARN_BLOCK_CAPTURE_AUTORELEASING = YES;
				CLANG_WARN_BOOL_CONVERSION = YES;
				CLANG_WARN_COMMA = YES;
				CLANG_WARN_CONSTANT_CONVERSION = YES;
				CLANG_WARN_DEPRECATED_OBJC_IMPLEMENTATIONS = YES;
				CLANG_WARN_DIRECT_OBJC_ISA_USAGE = YES_ERROR;
				CLANG_WARN_DOCUMENTATION_COMMENTS = YES;
				CLANG_WARN_EMPTY_BODY = YES;
				CLANG_WARN_ENUM_CONVERSION = YES;
				CLANG_WARN_INFINITE_RECURSION = YES;
				CLANG_WARN_INT_CONVERSION = YES;
				CLANG_WARN_NON_LITERAL_NULL_CONVERSION = YES;
				CLANG_WARN_OBJC_IMPLICIT_RETAIN_SELF = YES;
				CLANG_WARN_OBJC_LITERAL_CONVERSION = YES;
				CLANG_WARN_OBJC_ROOT_CLASS = YES_ERROR;
				CLANG_WARN_RANGE_LOOP_ANALYSIS = YES;
				CLANG_WARN_STRICT_PROTOTYPES = YES;
				CLANG_WARN_SUSPICIOUS_MOVE = YES;
				CLANG_WARN_UNGUARDED_AVAILABILITY = YES_AGGRESSIVE;
				CLANG_WARN_UNREACHABLE_CODE = YES;
				CLANG_WARN__DUPLICATE_METHOD_MATCH = YES;
				COPY_PHASE_STRIP = NO;
				DEBUG_INFORMATION_FORMAT = "dwarf-with-dsym";
				ENABLE_NS_ASSERTIONS = NO;
				ENABLE_STRICT_OBJC_MSGSEND = YES;
				GCC_C_LANGUAGE_STANDARD = gnu11;
				GCC_NO_COMMON_BLOCKS = YES;
				GCC_WARN_64_TO_32_BIT_CONVERSION = YES;
				GCC_WARN_ABOUT_RETURN_TYPE = YES_ERROR;
				GCC_WARN_UNDECLARED_SELECTOR = YES;
				GCC_WARN_UNINITIALIZED_AUTOS = YES_AGGRESSIVE;
				GCC_WARN_UNUSED_FUNCTION = YES;
				GCC_WARN_UNUSED_VARIABLE = YES;
				IPHONEOS_DEPLOYMENT_TARGET = 13.5;
				MTL_ENABLE_DEBUG_INFO = NO;
				MTL_FAST_MATH = YES;
				SDKROOT = iphoneos;
				SWIFT_COMPILATION_MODE = wholemodule;
				SWIFT_OPTIMIZATION_LEVEL = "-O";
				VALIDATE_PRODUCT = YES;
			};
			name = Release;
		};
		70366AA12506246C000754FA /* Debug */ = {
			isa = XCBuildConfiguration;
			buildSettings = {
				ASSETCATALOG_COMPILER_APPICON_NAME = AppIcon;
				CODE_SIGN_STYLE = Automatic;
				DEVELOPMENT_TEAM = C35DR2MHM7;
				INFOPLIST_FILE = hotdogClassifier/Info.plist;
				LD_RUNPATH_SEARCH_PATHS = (
					"$(inherited)",
					"@executable_path/Frameworks",
				);
				PRODUCT_BUNDLE_IDENTIFIER = com.swams.hotdogClassifier;
				PRODUCT_NAME = WhatFood;
				SWIFT_VERSION = 5.0;
				TARGETED_DEVICE_FAMILY = "1,2";
			};
			name = Debug;
		};
		70366AA22506246C000754FA /* Release */ = {
			isa = XCBuildConfiguration;
			buildSettings = {
				ASSETCATALOG_COMPILER_APPICON_NAME = AppIcon;
				CODE_SIGN_STYLE = Automatic;
				DEVELOPMENT_TEAM = C35DR2MHM7;
				INFOPLIST_FILE = hotdogClassifier/Info.plist;
				LD_RUNPATH_SEARCH_PATHS = (
					"$(inherited)",
					"@executable_path/Frameworks",
				);
				PRODUCT_BUNDLE_IDENTIFIER = com.swams.hotdogClassifier;
				PRODUCT_NAME = WhatFood;
				SWIFT_VERSION = 5.0;
				TARGETED_DEVICE_FAMILY = "1,2";
			};
			name = Release;
		};
/* End XCBuildConfiguration section */

/* Begin XCConfigurationList section */
		70366A8725062466000754FA /* Build configuration list for PBXProject "hotdogClassifier" */ = {
			isa = XCConfigurationList;
			buildConfigurations = (
				70366A9E2506246C000754FA /* Debug */,
				70366A9F2506246C000754FA /* Release */,
			);
			defaultConfigurationIsVisible = 0;
			defaultConfigurationName = Release;
		};
		70366AA02506246C000754FA /* Build configuration list for PBXNativeTarget "hotdogClassifier" */ = {
			isa = XCConfigurationList;
			buildConfigurations = (
				70366AA12506246C000754FA /* Debug */,
				70366AA22506246C000754FA /* Release */,
			);
			defaultConfigurationIsVisible = 0;
			defaultConfigurationName = Release;
		};
/* End XCConfigurationList section */
	};
	rootObject = 70366A8425062466000754FA /* Project object */;
}
